
Microsoft Visual Studio Solution File, Format Version 12.00
# Visual Studio Version 17
VisualStudioVersion = 17.0.32112.339
MinimumVisualStudioVersion = 10.0.40219.1
Project("{2150E333-8FDC-42A3-9474-1A3956D46DE8}") = "SM.Domain", "SM.Domain", "{8351B04D-CDE1-4373-AEC8-DACB550F658C}"
EndProject
Project("{9A19103F-16F7-4668-BE54-9A1E7A4F7556}") = "ShopManagement.Domain", "ShopManagement.Domain\ShopManagement.Domain.csproj", "{DCD042F7-20AE-4E7C-84C0-E7D459C8D5CE}"
EndProject
Project("{2150E333-8FDC-42A3-9474-1A3956D46DE8}") = "ShopManagement", "ShopManagement", "{F1CFFC41-9AD4-4D0A-A957-3D20227D762B}"
EndProject
Project("{9A19103F-16F7-4668-BE54-9A1E7A4F7556}") = "0_Framework", "0_Framework\0_Framework.csproj", "{F43DDB11-3C80-4804-BB0C-5FB42639E621}"
EndProject
Project("{2150E333-8FDC-42A3-9474-1A3956D46DE8}") = "SM.Application", "SM.Application", "{B1DAEAB8-A30A-46BB-9EAD-2C43F2111434}"
EndProject
Project("{9A19103F-16F7-4668-BE54-9A1E7A4F7556}") = "ShopManagement.Application.Contracts", "ShopManagement.Application.Contracts\ShopManagement.Application.Contracts.csproj", "{EBFCDE29-EA3C-49CD-9066-D40CA76E0D5D}"
EndProject
Project("{9A19103F-16F7-4668-BE54-9A1E7A4F7556}") = "ShopManagement.Application", "ShopManagement.Application\ShopManagement.Application.csproj", "{4B3A0ED2-E7C6-469D-BC94-F3E600B8DC89}"
EndProject
Project("{2150E333-8FDC-42A3-9474-1A3956D46DE8}") = "SM.Infrastructure", "SM.Infrastructure", "{FA90388E-E237-4553-80E5-7EB164056263}"
EndProject
Project("{9A19103F-16F7-4668-BE54-9A1E7A4F7556}") = "ShopManagement.Infrastructure.EFCore", "ShopManagement.Infrastructure.EFCore\ShopManagement.Infrastructure.EFCore.csproj", "{D3043D9A-046B-4370-80A5-31A59CFE819A}"
EndProject
Project("{9A19103F-16F7-4668-BE54-9A1E7A4F7556}") = "ShopManagement.Configuration", "ShopManagement.Configuration\ShopManagement.Configuration.csproj", "{6E6DBE65-8FE5-4134-9769-BB7D4C6402CB}"
EndProject
Project("{9A19103F-16F7-4668-BE54-9A1E7A4F7556}") = "ServiceHost", "ServiceHost\ServiceHost.csproj", "{56D4055D-BA74-4AC5-A21C-0B16E536D32A}"
EndProject
Project("{9A19103F-16F7-4668-BE54-9A1E7A4F7556}") = "_01_Store_Project_Query", "_01_Store_Progect_Query\_01_Store_Project_Query.csproj", "{208BE06D-555E-43BC-8FAE-357245C6CE95}"
EndProject
Project("{2150E333-8FDC-42A3-9474-1A3956D46DE8}") = "DiscountManagement", "DiscountManagement", "{8E9B564D-15C8-464D-84AD-017A778B6DC7}"
EndProject
Project("{2150E333-8FDC-42A3-9474-1A3956D46DE8}") = "DM.Domain", "DM.Domain", "{297CA309-FFE0-4FF8-A148-568949BC4DA2}"
EndProject
Project("{9A19103F-16F7-4668-BE54-9A1E7A4F7556}") = "DiscountManagement.Domain", "DiscountManagement.Domain\DiscountManagement.Domain.csproj", "{4B1ECDFB-4D34-4D23-99BE-87DD2982D94F}"
EndProject
Project("{2150E333-8FDC-42A3-9474-1A3956D46DE8}") = "DM.Application", "DM.Application", "{B8A47321-C741-4D6D-9BA7-C465E5728195}"
EndProject
Project("{9A19103F-16F7-4668-BE54-9A1E7A4F7556}") = "DiscountManagement.Application.contract", "CustomerDiscount.Application.contract\DiscountManagement.Application.contract.csproj", "{B06CF986-B286-4D52-AA2C-E1E4AB86D72A}"
EndProject
Project("{9A19103F-16F7-4668-BE54-9A1E7A4F7556}") = "DiscountManagement.Application", "DiscountManagement.Application\DiscountManagement.Application.csproj", "{1F72820E-D4CE-45CC-B698-117519A115F1}"
EndProject
Project("{2150E333-8FDC-42A3-9474-1A3956D46DE8}") = "DM.Infrastructure", "DM.Infrastructure", "{DB50E6A7-0094-4279-996A-2C21BA352545}"
EndProject
Project("{9A19103F-16F7-4668-BE54-9A1E7A4F7556}") = "DiscountManagement.Infrastructure.EFCore", "DiscountManagement.Infrastructure.EFCore\DiscountManagement.Infrastructure.EFCore.csproj", "{34EB389B-5D1F-4352-BB3D-AFB75C1CC279}"
EndProject
Project("{9A19103F-16F7-4668-BE54-9A1E7A4F7556}") = "DiscountManagement.Configuration", "DiscountManagement.Configuration\DiscountManagement.Configuration.csproj", "{049D15FB-FF78-4694-8DEE-07FB7CAEB550}"
EndProject
Project("{2150E333-8FDC-42A3-9474-1A3956D46DE8}") = "InventoryManagement", "InventoryManagement", "{FC4EFA21-BE0E-4F19-A92D-618D1AF1A22C}"
EndProject
Project("{2150E333-8FDC-42A3-9474-1A3956D46DE8}") = "IM.Domain", "IM.Domain", "{A8EACFC6-DC21-4A8C-A2AF-A620573E81E4}"
EndProject
Project("{9A19103F-16F7-4668-BE54-9A1E7A4F7556}") = "InventoryManagement.Domain", "InventoryManagement.Domain\InventoryManagement.Domain.csproj", "{7724D6DF-5063-404E-AC4D-AE3317C0CE6F}"
EndProject
Project("{2150E333-8FDC-42A3-9474-1A3956D46DE8}") = "IM.Application", "IM.Application", "{3DF712EF-BC46-4484-81D4-B814ED0239DA}"
EndProject
Project("{9A19103F-16F7-4668-BE54-9A1E7A4F7556}") = "InventoryManagement.Application.Contract", "InventoryManagement.Application.Contract\InventoryManagement.Application.Contract.csproj", "{F5524AE3-FE9A-40F7-8AD2-B490D6E63DDE}"
EndProject
Project("{9A19103F-16F7-4668-BE54-9A1E7A4F7556}") = "InventoryManagement.Application", "InventoryManagement.Application\InventoryManagement.Application.csproj", "{A9C705BF-2604-4580-9D1C-C198F4371146}"
EndProject
Project("{2150E333-8FDC-42A3-9474-1A3956D46DE8}") = "IM.Infrastructure", "IM.Infrastructure", "{FE459329-9772-427E-A27B-1EF949531EB7}"
EndProject
Project("{9A19103F-16F7-4668-BE54-9A1E7A4F7556}") = "InventoryMangement.Infrastructure.EFCore", "InventoryMangement.Infrastructure.EFCore\InventoryMangement.Infrastructure.EFCore.csproj", "{595FEC91-6867-4779-9867-D50CE1530457}"
EndProject
Project("{9A19103F-16F7-4668-BE54-9A1E7A4F7556}") = "InventoryManagement.Infrastructure.Configuration", "InventoryManagement.Infrastructure.Configuration\InventoryManagement.Infrastructure.Configuration.csproj", "{A611C682-A692-4CFF-AC5B-78EE1D867F20}"
EndProject
Project("{2150E333-8FDC-42A3-9474-1A3956D46DE8}") = "CommentManagement", "CommentManagement", "{3709A2DC-D936-453D-9862-3EF6649D7E46}"
EndProject
Project("{2150E333-8FDC-42A3-9474-1A3956D46DE8}") = "CM.Domain", "CM.Domain", "{DF5DD5DE-896E-43E7-A022-104007436DC2}"
EndProject
Project("{2150E333-8FDC-42A3-9474-1A3956D46DE8}") = "CM.Application", "CM.Application", "{BA841510-91DE-478E-9AF4-7649092F1F51}"
EndProject
Project("{2150E333-8FDC-42A3-9474-1A3956D46DE8}") = "CM.Infrastruture", "CM.Infrastruture", "{7E0A1E0D-728E-4064-80FC-2AC58EE92712}"
EndProject
Project("{9A19103F-16F7-4668-BE54-9A1E7A4F7556}") = "CommentManegment.Domain", "CommentManegment.Domain\CommentManegment.Domain.csproj", "{016560CD-9C45-422E-992D-ECC566F98C52}"
EndProject
Project("{9A19103F-16F7-4668-BE54-9A1E7A4F7556}") = "CommentManagment.Application", "CommentManegmentApplication\CommentManagment.Application.csproj", "{1BB6A49B-1EA7-4A1C-BC62-645A4F5AE646}"
EndProject
Project("{9A19103F-16F7-4668-BE54-9A1E7A4F7556}") = "CommentManagement.Application.Contracts", "CommentManagment.Application\CommentManagement.Application.Contracts.csproj", "{413ADF8C-837F-41B8-B749-C73F4178E79B}"
EndProject
Project("{9A19103F-16F7-4668-BE54-9A1E7A4F7556}") = "CommentManagement.Infrastructure.Configuration", "CommentManagement.Infrastructure.Configuration\CommentManagement.Infrastructure.Configuration.csproj", "{2E82B8E5-0DD7-4117-BF7A-C69E7349DC4A}"
EndProject
Project("{9A19103F-16F7-4668-BE54-9A1E7A4F7556}") = "CommnetManagement.Infrastructure.EFCore", "CommnetManagement.Infrastructure.EFCore\CommnetManagement.Infrastructure.EFCore.csproj", "{312D8EB0-B0E5-4E75-9921-ACFD78950494}"
EndProject
Project("{2150E333-8FDC-42A3-9474-1A3956D46DE8}") = "BlogManagement", "BlogManagement", "{79A3A332-8F89-4FBE-A7A5-F86C0D66868B}"
EndProject
Project("{2150E333-8FDC-42A3-9474-1A3956D46DE8}") = "BM.Domain", "BM.Domain", "{9F82B07A-F2EC-47B7-AAD6-39448C1D4CD0}"
EndProject
Project("{9A19103F-16F7-4668-BE54-9A1E7A4F7556}") = "BlogManagement.Domain", "BlogManagement.Domain\BlogManagement.Domain.csproj", "{352636C5-435F-479A-88AB-26CF81935CE4}"
EndProject
Project("{2150E333-8FDC-42A3-9474-1A3956D46DE8}") = "BM.Application", "BM.Application", "{54EA6A67-42C5-4170-8523-FF174D8A7683}"
EndProject
Project("{9A19103F-16F7-4668-BE54-9A1E7A4F7556}") = "BlogManagement.Application.Contracts", "BlogManagement.Application.Contracts\BlogManagement.Application.Contracts.csproj", "{098244FA-59B0-413A-992D-78A937ED0DE8}"
EndProject
Project("{9A19103F-16F7-4668-BE54-9A1E7A4F7556}") = "BlogManagement.Application", "BlogManagement.Application\BlogManagement.Application.csproj", "{EB3E1FB9-6724-4044-AC33-EA72EBDE7430}"
EndProject
Project("{2150E333-8FDC-42A3-9474-1A3956D46DE8}") = "BM.Infrastructure", "BM.Infrastructure", "{25875DBE-EC21-48CC-BEE3-4742ECB8CB1D}"
EndProject
Project("{9A19103F-16F7-4668-BE54-9A1E7A4F7556}") = "BlogManagement.Infrastructure.Configuration", "BlogManagement.Infrastructure.Configuration\BlogManagement.Infrastructure.Configuration.csproj", "{938A843C-BF9C-4A48-A4D5-D3A6206685C3}"
EndProject
Project("{9A19103F-16F7-4668-BE54-9A1E7A4F7556}") = "BlogManagement.Infrastructure.EFCore", "BlogManagement.Infrastructure.EFCore\BlogManagement.Infrastructure.EFCore.csproj", "{40FE978B-41EC-4749-93B5-3096F1DAC5F7}"
EndProject
Project("{2150E333-8FDC-42A3-9474-1A3956D46DE8}") = "AccountManagement", "AccountManagement", "{57B3EEF6-ADCF-46E8-80F1-85BA533A9E5A}"
EndProject
Project("{2150E333-8FDC-42A3-9474-1A3956D46DE8}") = "AM.Domain", "AM.Domain", "{CE5445DC-6960-40BC-A216-EED5EC485944}"
EndProject
Project("{FAE04EC0-301F-11D3-BF4B-00C04F79EFBC}") = "AccountManagement.Domain", "AccountManagement.Domain\AccountManagement.Domain.csproj", "{BEBBC723-5CAF-4B12-90B3-B520A46E05BF}"
EndProject
Project("{2150E333-8FDC-42A3-9474-1A3956D46DE8}") = "AM.Application", "AM.Application", "{1CADDE4F-31A9-4C8F-9695-54B77DCE210D}"
EndProject
Project("{FAE04EC0-301F-11D3-BF4B-00C04F79EFBC}") = "AccountManagement.Application.Contracts", "AccountManagement.Application.Contracts\AccountManagement.Application.Contracts.csproj", "{EBA78B0D-1C97-426F-8838-4FDD33A2B576}"
EndProject
Project("{FAE04EC0-301F-11D3-BF4B-00C04F79EFBC}") = "AccountManagement.Application", "AccountManagement.Application\AccountManagement.Application.csproj", "{05220F90-DB61-4314-8094-230F3373F672}"
EndProject
Project("{2150E333-8FDC-42A3-9474-1A3956D46DE8}") = "AM.Infrastructure", "AM.Infrastructure", "{DB8FE526-2A8C-44FF-A2E8-611D6D97E5DA}"
EndProject
Project("{FAE04EC0-301F-11D3-BF4B-00C04F79EFBC}") = "AccountManagement.Configuration", "AccountManagement.Configuration\AccountManagement.Configuration.csproj", "{36ED659C-3266-498F-B7A5-162FC16B0963}"
EndProject
Project("{FAE04EC0-301F-11D3-BF4B-00C04F79EFBC}") = "AccountMangement.Infrastructure.EFCore", "AccountMangement.Infrastructure.EFCore\AccountMangement.Infrastructure.EFCore.csproj", "{057D0C2F-D944-49DF-A6D0-B71F8334A19F}"
EndProject
Global
	GlobalSection(SolutionConfigurationPlatforms) = preSolution
		Debug|Any CPU = Debug|Any CPU
		Release|Any CPU = Release|Any CPU
	EndGlobalSection
	GlobalSection(ProjectConfigurationPlatforms) = postSolution
		{DCD042F7-20AE-4E7C-84C0-E7D459C8D5CE}.Debug|Any CPU.ActiveCfg = Debug|Any CPU
		{DCD042F7-20AE-4E7C-84C0-E7D459C8D5CE}.Debug|Any CPU.Build.0 = Debug|Any CPU
		{DCD042F7-20AE-4E7C-84C0-E7D459C8D5CE}.Release|Any CPU.ActiveCfg = Release|Any CPU
		{DCD042F7-20AE-4E7C-84C0-E7D459C8D5CE}.Release|Any CPU.Build.0 = Release|Any CPU
		{F43DDB11-3C80-4804-BB0C-5FB42639E621}.Debug|Any CPU.ActiveCfg = Debug|Any CPU
		{F43DDB11-3C80-4804-BB0C-5FB42639E621}.Debug|Any CPU.Build.0 = Debug|Any CPU
		{F43DDB11-3C80-4804-BB0C-5FB42639E621}.Release|Any CPU.ActiveCfg = Release|Any CPU
		{F43DDB11-3C80-4804-BB0C-5FB42639E621}.Release|Any CPU.Build.0 = Release|Any CPU
		{EBFCDE29-EA3C-49CD-9066-D40CA76E0D5D}.Debug|Any CPU.ActiveCfg = Debug|Any CPU
		{EBFCDE29-EA3C-49CD-9066-D40CA76E0D5D}.Debug|Any CPU.Build.0 = Debug|Any CPU
		{EBFCDE29-EA3C-49CD-9066-D40CA76E0D5D}.Release|Any CPU.ActiveCfg = Release|Any CPU
		{EBFCDE29-EA3C-49CD-9066-D40CA76E0D5D}.Release|Any CPU.Build.0 = Release|Any CPU
		{4B3A0ED2-E7C6-469D-BC94-F3E600B8DC89}.Debug|Any CPU.ActiveCfg = Debug|Any CPU
		{4B3A0ED2-E7C6-469D-BC94-F3E600B8DC89}.Debug|Any CPU.Build.0 = Debug|Any CPU
		{4B3A0ED2-E7C6-469D-BC94-F3E600B8DC89}.Release|Any CPU.ActiveCfg = Release|Any CPU
		{4B3A0ED2-E7C6-469D-BC94-F3E600B8DC89}.Release|Any CPU.Build.0 = Release|Any CPU
		{D3043D9A-046B-4370-80A5-31A59CFE819A}.Debug|Any CPU.ActiveCfg = Debug|Any CPU
		{D3043D9A-046B-4370-80A5-31A59CFE819A}.Debug|Any CPU.Build.0 = Debug|Any CPU
		{D3043D9A-046B-4370-80A5-31A59CFE819A}.Release|Any CPU.ActiveCfg = Release|Any CPU
		{D3043D9A-046B-4370-80A5-31A59CFE819A}.Release|Any CPU.Build.0 = Release|Any CPU
		{6E6DBE65-8FE5-4134-9769-BB7D4C6402CB}.Debug|Any CPU.ActiveCfg = Debug|Any CPU
		{6E6DBE65-8FE5-4134-9769-BB7D4C6402CB}.Debug|Any CPU.Build.0 = Debug|Any CPU
		{6E6DBE65-8FE5-4134-9769-BB7D4C6402CB}.Release|Any CPU.ActiveCfg = Release|Any CPU
		{6E6DBE65-8FE5-4134-9769-BB7D4C6402CB}.Release|Any CPU.Build.0 = Release|Any CPU
		{56D4055D-BA74-4AC5-A21C-0B16E536D32A}.Debug|Any CPU.ActiveCfg = Debug|Any CPU
		{56D4055D-BA74-4AC5-A21C-0B16E536D32A}.Debug|Any CPU.Build.0 = Debug|Any CPU
		{56D4055D-BA74-4AC5-A21C-0B16E536D32A}.Release|Any CPU.ActiveCfg = Release|Any CPU
		{56D4055D-BA74-4AC5-A21C-0B16E536D32A}.Release|Any CPU.Build.0 = Release|Any CPU
		{208BE06D-555E-43BC-8FAE-357245C6CE95}.Debug|Any CPU.ActiveCfg = Debug|Any CPU
		{208BE06D-555E-43BC-8FAE-357245C6CE95}.Debug|Any CPU.Build.0 = Debug|Any CPU
		{208BE06D-555E-43BC-8FAE-357245C6CE95}.Release|Any CPU.ActiveCfg = Release|Any CPU
		{208BE06D-555E-43BC-8FAE-357245C6CE95}.Release|Any CPU.Build.0 = Release|Any CPU
		{4B1ECDFB-4D34-4D23-99BE-87DD2982D94F}.Debug|Any CPU.ActiveCfg = Debug|Any CPU
		{4B1ECDFB-4D34-4D23-99BE-87DD2982D94F}.Debug|Any CPU.Build.0 = Debug|Any CPU
		{4B1ECDFB-4D34-4D23-99BE-87DD2982D94F}.Release|Any CPU.ActiveCfg = Release|Any CPU
		{4B1ECDFB-4D34-4D23-99BE-87DD2982D94F}.Release|Any CPU.Build.0 = Release|Any CPU
		{B06CF986-B286-4D52-AA2C-E1E4AB86D72A}.Debug|Any CPU.ActiveCfg = Debug|Any CPU
		{B06CF986-B286-4D52-AA2C-E1E4AB86D72A}.Debug|Any CPU.Build.0 = Debug|Any CPU
		{B06CF986-B286-4D52-AA2C-E1E4AB86D72A}.Release|Any CPU.ActiveCfg = Release|Any CPU
		{B06CF986-B286-4D52-AA2C-E1E4AB86D72A}.Release|Any CPU.Build.0 = Release|Any CPU
		{1F72820E-D4CE-45CC-B698-117519A115F1}.Debug|Any CPU.ActiveCfg = Debug|Any CPU
		{1F72820E-D4CE-45CC-B698-117519A115F1}.Debug|Any CPU.Build.0 = Debug|Any CPU
		{1F72820E-D4CE-45CC-B698-117519A115F1}.Release|Any CPU.ActiveCfg = Release|Any CPU
		{1F72820E-D4CE-45CC-B698-117519A115F1}.Release|Any CPU.Build.0 = Release|Any CPU
		{34EB389B-5D1F-4352-BB3D-AFB75C1CC279}.Debug|Any CPU.ActiveCfg = Debug|Any CPU
		{34EB389B-5D1F-4352-BB3D-AFB75C1CC279}.Debug|Any CPU.Build.0 = Debug|Any CPU
		{34EB389B-5D1F-4352-BB3D-AFB75C1CC279}.Release|Any CPU.ActiveCfg = Release|Any CPU
		{34EB389B-5D1F-4352-BB3D-AFB75C1CC279}.Release|Any CPU.Build.0 = Release|Any CPU
		{049D15FB-FF78-4694-8DEE-07FB7CAEB550}.Debug|Any CPU.ActiveCfg = Debug|Any CPU
		{049D15FB-FF78-4694-8DEE-07FB7CAEB550}.Debug|Any CPU.Build.0 = Debug|Any CPU
		{049D15FB-FF78-4694-8DEE-07FB7CAEB550}.Release|Any CPU.ActiveCfg = Release|Any CPU
		{049D15FB-FF78-4694-8DEE-07FB7CAEB550}.Release|Any CPU.Build.0 = Release|Any CPU
		{7724D6DF-5063-404E-AC4D-AE3317C0CE6F}.Debug|Any CPU.ActiveCfg = Debug|Any CPU
		{7724D6DF-5063-404E-AC4D-AE3317C0CE6F}.Debug|Any CPU.Build.0 = Debug|Any CPU
		{7724D6DF-5063-404E-AC4D-AE3317C0CE6F}.Release|Any CPU.ActiveCfg = Release|Any CPU
		{7724D6DF-5063-404E-AC4D-AE3317C0CE6F}.Release|Any CPU.Build.0 = Release|Any CPU
		{F5524AE3-FE9A-40F7-8AD2-B490D6E63DDE}.Debug|Any CPU.ActiveCfg = Debug|Any CPU
		{F5524AE3-FE9A-40F7-8AD2-B490D6E63DDE}.Debug|Any CPU.Build.0 = Debug|Any CPU
		{F5524AE3-FE9A-40F7-8AD2-B490D6E63DDE}.Release|Any CPU.ActiveCfg = Release|Any CPU
		{F5524AE3-FE9A-40F7-8AD2-B490D6E63DDE}.Release|Any CPU.Build.0 = Release|Any CPU
		{A9C705BF-2604-4580-9D1C-C198F4371146}.Debug|Any CPU.ActiveCfg = Debug|Any CPU
		{A9C705BF-2604-4580-9D1C-C198F4371146}.Debug|Any CPU.Build.0 = Debug|Any CPU
		{A9C705BF-2604-4580-9D1C-C198F4371146}.Release|Any CPU.ActiveCfg = Release|Any CPU
		{A9C705BF-2604-4580-9D1C-C198F4371146}.Release|Any CPU.Build.0 = Release|Any CPU
		{595FEC91-6867-4779-9867-D50CE1530457}.Debug|Any CPU.ActiveCfg = Debug|Any CPU
		{595FEC91-6867-4779-9867-D50CE1530457}.Debug|Any CPU.Build.0 = Debug|Any CPU
		{595FEC91-6867-4779-9867-D50CE1530457}.Release|Any CPU.ActiveCfg = Release|Any CPU
		{595FEC91-6867-4779-9867-D50CE1530457}.Release|Any CPU.Build.0 = Release|Any CPU
		{A611C682-A692-4CFF-AC5B-78EE1D867F20}.Debug|Any CPU.ActiveCfg = Debug|Any CPU
		{A611C682-A692-4CFF-AC5B-78EE1D867F20}.Debug|Any CPU.Build.0 = Debug|Any CPU
		{A611C682-A692-4CFF-AC5B-78EE1D867F20}.Release|Any CPU.ActiveCfg = Release|Any CPU
		{A611C682-A692-4CFF-AC5B-78EE1D867F20}.Release|Any CPU.Build.0 = Release|Any CPU
		{016560CD-9C45-422E-992D-ECC566F98C52}.Debug|Any CPU.ActiveCfg = Debug|Any CPU
		{016560CD-9C45-422E-992D-ECC566F98C52}.Debug|Any CPU.Build.0 = Debug|Any CPU
		{016560CD-9C45-422E-992D-ECC566F98C52}.Release|Any CPU.ActiveCfg = Release|Any CPU
		{016560CD-9C45-422E-992D-ECC566F98C52}.Release|Any CPU.Build.0 = Release|Any CPU
		{1BB6A49B-1EA7-4A1C-BC62-645A4F5AE646}.Debug|Any CPU.ActiveCfg = Debug|Any CPU
		{1BB6A49B-1EA7-4A1C-BC62-645A4F5AE646}.Debug|Any CPU.Build.0 = Debug|Any CPU
		{1BB6A49B-1EA7-4A1C-BC62-645A4F5AE646}.Release|Any CPU.ActiveCfg = Release|Any CPU
		{1BB6A49B-1EA7-4A1C-BC62-645A4F5AE646}.Release|Any CPU.Build.0 = Release|Any CPU
		{413ADF8C-837F-41B8-B749-C73F4178E79B}.Debug|Any CPU.ActiveCfg = Debug|Any CPU
		{413ADF8C-837F-41B8-B749-C73F4178E79B}.Debug|Any CPU.Build.0 = Debug|Any CPU
		{413ADF8C-837F-41B8-B749-C73F4178E79B}.Release|Any CPU.ActiveCfg = Release|Any CPU
		{413ADF8C-837F-41B8-B749-C73F4178E79B}.Release|Any CPU.Build.0 = Release|Any CPU
		{2E82B8E5-0DD7-4117-BF7A-C69E7349DC4A}.Debug|Any CPU.ActiveCfg = Debug|Any CPU
		{2E82B8E5-0DD7-4117-BF7A-C69E7349DC4A}.Debug|Any CPU.Build.0 = Debug|Any CPU
		{2E82B8E5-0DD7-4117-BF7A-C69E7349DC4A}.Release|Any CPU.ActiveCfg = Release|Any CPU
		{2E82B8E5-0DD7-4117-BF7A-C69E7349DC4A}.Release|Any CPU.Build.0 = Release|Any CPU
		{312D8EB0-B0E5-4E75-9921-ACFD78950494}.Debug|Any CPU.ActiveCfg = Debug|Any CPU
		{312D8EB0-B0E5-4E75-9921-ACFD78950494}.Debug|Any CPU.Build.0 = Debug|Any CPU
		{312D8EB0-B0E5-4E75-9921-ACFD78950494}.Release|Any CPU.ActiveCfg = Release|Any CPU
		{312D8EB0-B0E5-4E75-9921-ACFD78950494}.Release|Any CPU.Build.0 = Release|Any CPU
		{352636C5-435F-479A-88AB-26CF81935CE4}.Debug|Any CPU.ActiveCfg = Debug|Any CPU
		{352636C5-435F-479A-88AB-26CF81935CE4}.Debug|Any CPU.Build.0 = Debug|Any CPU
		{352636C5-435F-479A-88AB-26CF81935CE4}.Release|Any CPU.ActiveCfg = Release|Any CPU
		{352636C5-435F-479A-88AB-26CF81935CE4}.Release|Any CPU.Build.0 = Release|Any CPU
		{098244FA-59B0-413A-992D-78A937ED0DE8}.Debug|Any CPU.ActiveCfg = Debug|Any CPU
		{098244FA-59B0-413A-992D-78A937ED0DE8}.Debug|Any CPU.Build.0 = Debug|Any CPU
		{098244FA-59B0-413A-992D-78A937ED0DE8}.Release|Any CPU.ActiveCfg = Release|Any CPU
		{098244FA-59B0-413A-992D-78A937ED0DE8}.Release|Any CPU.Build.0 = Release|Any CPU
		{EB3E1FB9-6724-4044-AC33-EA72EBDE7430}.Debug|Any CPU.ActiveCfg = Debug|Any CPU
		{EB3E1FB9-6724-4044-AC33-EA72EBDE7430}.Debug|Any CPU.Build.0 = Debug|Any CPU
		{EB3E1FB9-6724-4044-AC33-EA72EBDE7430}.Release|Any CPU.ActiveCfg = Release|Any CPU
		{EB3E1FB9-6724-4044-AC33-EA72EBDE7430}.Release|Any CPU.Build.0 = Release|Any CPU
		{938A843C-BF9C-4A48-A4D5-D3A6206685C3}.Debug|Any CPU.ActiveCfg = Debug|Any CPU
		{938A843C-BF9C-4A48-A4D5-D3A6206685C3}.Debug|Any CPU.Build.0 = Debug|Any CPU
		{938A843C-BF9C-4A48-A4D5-D3A6206685C3}.Release|Any CPU.ActiveCfg = Release|Any CPU
		{938A843C-BF9C-4A48-A4D5-D3A6206685C3}.Release|Any CPU.Build.0 = Release|Any CPU
		{40FE978B-41EC-4749-93B5-3096F1DAC5F7}.Debug|Any CPU.ActiveCfg = Debug|Any CPU
		{40FE978B-41EC-4749-93B5-3096F1DAC5F7}.Debug|Any CPU.Build.0 = Debug|Any CPU
		{40FE978B-41EC-4749-93B5-3096F1DAC5F7}.Release|Any CPU.ActiveCfg = Release|Any CPU
		{40FE978B-41EC-4749-93B5-3096F1DAC5F7}.Release|Any CPU.Build.0 = Release|Any CPU
		{BEBBC723-5CAF-4B12-90B3-B520A46E05BF}.Debug|Any CPU.ActiveCfg = Debug|Any CPU
		{BEBBC723-5CAF-4B12-90B3-B520A46E05BF}.Debug|Any CPU.Build.0 = Debug|Any CPU
		{BEBBC723-5CAF-4B12-90B3-B520A46E05BF}.Release|Any CPU.ActiveCfg = Release|Any CPU
		{BEBBC723-5CAF-4B12-90B3-B520A46E05BF}.Release|Any CPU.Build.0 = Release|Any CPU
		{EBA78B0D-1C97-426F-8838-4FDD33A2B576}.Debug|Any CPU.ActiveCfg = Debug|Any CPU
		{EBA78B0D-1C97-426F-8838-4FDD33A2B576}.Debug|Any CPU.Build.0 = Debug|Any CPU
		{EBA78B0D-1C97-426F-8838-4FDD33A2B576}.Release|Any CPU.ActiveCfg = Release|Any CPU
		{EBA78B0D-1C97-426F-8838-4FDD33A2B576}.Release|Any CPU.Build.0 = Release|Any CPU
		{05220F90-DB61-4314-8094-230F3373F672}.Debug|Any CPU.ActiveCfg = Debug|Any CPU
		{05220F90-DB61-4314-8094-230F3373F672}.Debug|Any CPU.Build.0 = Debug|Any CPU
		{05220F90-DB61-4314-8094-230F3373F672}.Release|Any CPU.ActiveCfg = Release|Any CPU
		{05220F90-DB61-4314-8094-230F3373F672}.Release|Any CPU.Build.0 = Release|Any CPU
		{36ED659C-3266-498F-B7A5-162FC16B0963}.Debug|Any CPU.ActiveCfg = Debug|Any CPU
		{36ED659C-3266-498F-B7A5-162FC16B0963}.Debug|Any CPU.Build.0 = Debug|Any CPU
		{36ED659C-3266-498F-B7A5-162FC16B0963}.Release|Any CPU.ActiveCfg = Release|Any CPU
		{36ED659C-3266-498F-B7A5-162FC16B0963}.Release|Any CPU.Build.0 = Release|Any CPU
		{057D0C2F-D944-49DF-A6D0-B71F8334A19F}.Debug|Any CPU.ActiveCfg = Debug|Any CPU
		{057D0C2F-D944-49DF-A6D0-B71F8334A19F}.Debug|Any CPU.Build.0 = Debug|Any CPU
		{057D0C2F-D944-49DF-A6D0-B71F8334A19F}.Release|Any CPU.ActiveCfg = Release|Any CPU
		{057D0C2F-D944-49DF-A6D0-B71F8334A19F}.Release|Any CPU.Build.0 = Release|Any CPU
	EndGlobalSection
	GlobalSection(SolutionProperties) = preSolution
		HideSolutionNode = FALSE
	EndGlobalSection
	GlobalSection(NestedProjects) = preSolution
		{8351B04D-CDE1-4373-AEC8-DACB550F658C} = {F1CFFC41-9AD4-4D0A-A957-3D20227D762B}
		{DCD042F7-20AE-4E7C-84C0-E7D459C8D5CE} = {8351B04D-CDE1-4373-AEC8-DACB550F658C}
		{B1DAEAB8-A30A-46BB-9EAD-2C43F2111434} = {F1CFFC41-9AD4-4D0A-A957-3D20227D762B}
		{EBFCDE29-EA3C-49CD-9066-D40CA76E0D5D} = {B1DAEAB8-A30A-46BB-9EAD-2C43F2111434}
		{4B3A0ED2-E7C6-469D-BC94-F3E600B8DC89} = {B1DAEAB8-A30A-46BB-9EAD-2C43F2111434}
		{FA90388E-E237-4553-80E5-7EB164056263} = {F1CFFC41-9AD4-4D0A-A957-3D20227D762B}
		{D3043D9A-046B-4370-80A5-31A59CFE819A} = {FA90388E-E237-4553-80E5-7EB164056263}
		{6E6DBE65-8FE5-4134-9769-BB7D4C6402CB} = {FA90388E-E237-4553-80E5-7EB164056263}
		{297CA309-FFE0-4FF8-A148-568949BC4DA2} = {8E9B564D-15C8-464D-84AD-017A778B6DC7}
		{4B1ECDFB-4D34-4D23-99BE-87DD2982D94F} = {297CA309-FFE0-4FF8-A148-568949BC4DA2}
		{B8A47321-C741-4D6D-9BA7-C465E5728195} = {8E9B564D-15C8-464D-84AD-017A778B6DC7}
		{B06CF986-B286-4D52-AA2C-E1E4AB86D72A} = {B8A47321-C741-4D6D-9BA7-C465E5728195}
		{1F72820E-D4CE-45CC-B698-117519A115F1} = {B8A47321-C741-4D6D-9BA7-C465E5728195}
		{DB50E6A7-0094-4279-996A-2C21BA352545} = {8E9B564D-15C8-464D-84AD-017A778B6DC7}
		{34EB389B-5D1F-4352-BB3D-AFB75C1CC279} = {DB50E6A7-0094-4279-996A-2C21BA352545}
		{049D15FB-FF78-4694-8DEE-07FB7CAEB550} = {DB50E6A7-0094-4279-996A-2C21BA352545}
		{A8EACFC6-DC21-4A8C-A2AF-A620573E81E4} = {FC4EFA21-BE0E-4F19-A92D-618D1AF1A22C}
		{7724D6DF-5063-404E-AC4D-AE3317C0CE6F} = {A8EACFC6-DC21-4A8C-A2AF-A620573E81E4}
		{3DF712EF-BC46-4484-81D4-B814ED0239DA} = {FC4EFA21-BE0E-4F19-A92D-618D1AF1A22C}
		{F5524AE3-FE9A-40F7-8AD2-B490D6E63DDE} = {3DF712EF-BC46-4484-81D4-B814ED0239DA}
		{A9C705BF-2604-4580-9D1C-C198F4371146} = {3DF712EF-BC46-4484-81D4-B814ED0239DA}
		{FE459329-9772-427E-A27B-1EF949531EB7} = {FC4EFA21-BE0E-4F19-A92D-618D1AF1A22C}
		{595FEC91-6867-4779-9867-D50CE1530457} = {FE459329-9772-427E-A27B-1EF949531EB7}
		{A611C682-A692-4CFF-AC5B-78EE1D867F20} = {FE459329-9772-427E-A27B-1EF949531EB7}
		{DF5DD5DE-896E-43E7-A022-104007436DC2} = {3709A2DC-D936-453D-9862-3EF6649D7E46}
		{BA841510-91DE-478E-9AF4-7649092F1F51} = {3709A2DC-D936-453D-9862-3EF6649D7E46}
		{7E0A1E0D-728E-4064-80FC-2AC58EE92712} = {3709A2DC-D936-453D-9862-3EF6649D7E46}
		{016560CD-9C45-422E-992D-ECC566F98C52} = {DF5DD5DE-896E-43E7-A022-104007436DC2}
		{1BB6A49B-1EA7-4A1C-BC62-645A4F5AE646} = {BA841510-91DE-478E-9AF4-7649092F1F51}
		{413ADF8C-837F-41B8-B749-C73F4178E79B} = {BA841510-91DE-478E-9AF4-7649092F1F51}
		{2E82B8E5-0DD7-4117-BF7A-C69E7349DC4A} = {7E0A1E0D-728E-4064-80FC-2AC58EE92712}
		{312D8EB0-B0E5-4E75-9921-ACFD78950494} = {7E0A1E0D-728E-4064-80FC-2AC58EE92712}
		{9F82B07A-F2EC-47B7-AAD6-39448C1D4CD0} = {79A3A332-8F89-4FBE-A7A5-F86C0D66868B}
		{352636C5-435F-479A-88AB-26CF81935CE4} = {9F82B07A-F2EC-47B7-AAD6-39448C1D4CD0}
		{54EA6A67-42C5-4170-8523-FF174D8A7683} = {79A3A332-8F89-4FBE-A7A5-F86C0D66868B}
		{098244FA-59B0-413A-992D-78A937ED0DE8} = {54EA6A67-42C5-4170-8523-FF174D8A7683}
		{EB3E1FB9-6724-4044-AC33-EA72EBDE7430} = {54EA6A67-42C5-4170-8523-FF174D8A7683}
		{25875DBE-EC21-48CC-BEE3-4742ECB8CB1D} = {79A3A332-8F89-4FBE-A7A5-F86C0D66868B}
		{938A843C-BF9C-4A48-A4D5-D3A6206685C3} = {25875DBE-EC21-48CC-BEE3-4742ECB8CB1D}
		{40FE978B-41EC-4749-93B5-3096F1DAC5F7} = {25875DBE-EC21-48CC-BEE3-4742ECB8CB1D}
		{CE5445DC-6960-40BC-A216-EED5EC485944} = {57B3EEF6-ADCF-46E8-80F1-85BA533A9E5A}
		{BEBBC723-5CAF-4B12-90B3-B520A46E05BF} = {CE5445DC-6960-40BC-A216-EED5EC485944}
		{1CADDE4F-31A9-4C8F-9695-54B77DCE210D} = {57B3EEF6-ADCF-46E8-80F1-85BA533A9E5A}
		{EBA78B0D-1C97-426F-8838-4FDD33A2B576} = {1CADDE4F-31A9-4C8F-9695-54B77DCE210D}
		{05220F90-DB61-4314-8094-230F3373F672} = {1CADDE4F-31A9-4C8F-9695-54B77DCE210D}
		{DB8FE526-2A8C-44FF-A2E8-611D6D97E5DA} = {57B3EEF6-ADCF-46E8-80F1-85BA533A9E5A}
		{36ED659C-3266-498F-B7A5-162FC16B0963} = {DB8FE526-2A8C-44FF-A2E8-611D6D97E5DA}
		{057D0C2F-D944-49DF-A6D0-B71F8334A19F} = {DB8FE526-2A8C-44FF-A2E8-611D6D97E5DA}
	EndGlobalSection
	GlobalSection(ExtensibilityGlobals) = postSolution
		SolutionGuid = {E50AA712-F3EC-4F46-A070-F91BDCB46AB6}
	EndGlobalSection
EndGlobal
