
Microsoft Visual Studio Solution File, Format Version 12.00
# Visual Studio Version 17
VisualStudioVersion = 17.0.32112.339
MinimumVisualStudioVersion = 10.0.40219.1
Project("{2150E333-8FDC-42A3-9474-1A3956D46DE8}") = "SM.Domain", "SM.Domain", "{8351B04D-CDE1-4373-AEC8-DACB550F658C}"
EndProject
Project("{9A19103F-16F7-4668-BE54-9A1E7A4F7556}") = "ShopManagement.Domain", "ShopManagement.Domain\ShopManagement.Domain.csproj", "{DCD042F7-20AE-4E7C-84C0-E7D459C8D5CE}"
EndProject
Project("{2150E333-8FDC-42A3-9474-1A3956D46DE8}") = "ShopManagement", "ShopManagement", "{F1CFFC41-9AD4-4D0A-A957-3D20227D762B}"
EndProject
Project("{9A19103F-16F7-4668-BE54-9A1E7A4F7556}") = "0_Framework", "0_Framework\0_Framework.csproj", "{F43DDB11-3C80-4804-BB0C-5FB42639E621}"
EndProject
Project("{2150E333-8FDC-42A3-9474-1A3956D46DE8}") = "SM.Application", "SM.Application", "{B1DAEAB8-A30A-46BB-9EAD-2C43F2111434}"
EndProject
Project("{9A19103F-16F7-4668-BE54-9A1E7A4F7556}") = "ShopManagement.Application.Contracts", "ShopManagement.Application.Contracts\ShopManagement.Application.Contracts.csproj", "{EBFCDE29-EA3C-49CD-9066-D40CA76E0D5D}"
EndProject
Project("{9A19103F-16F7-4668-BE54-9A1E7A4F7556}") = "ShopManagement.Application", "ShopManagement.Application\ShopManagement.Application.csproj", "{4B3A0ED2-E7C6-469D-BC94-F3E600B8DC89}"
EndProject
Project("{2150E333-8FDC-42A3-9474-1A3956D46DE8}") = "SM.Infrastructure", "SM.Infrastructure", "{FA90388E-E237-4553-80E5-7EB164056263}"
EndProject
Project("{9A19103F-16F7-4668-BE54-9A1E7A4F7556}") = "ShopManagement.Infrastructure.EFCore", "ShopManagement.Infrastructure.EFCore\ShopManagement.Infrastructure.EFCore.csproj", "{D3043D9A-046B-4370-80A5-31A59CFE819A}"
EndProject
Project("{9A19103F-16F7-4668-BE54-9A1E7A4F7556}") = "ShopManagement.Configuration", "ShopManagement.Configuration\ShopManagement.Configuration.csproj", "{6E6DBE65-8FE5-4134-9769-BB7D4C6402CB}"
EndProject
Project("{9A19103F-16F7-4668-BE54-9A1E7A4F7556}") = "ServiceHost", "ServiceHost\ServiceHost.csproj", "{56D4055D-BA74-4AC5-A21C-0B16E536D32A}"
EndProject
Project("{9A19103F-16F7-4668-BE54-9A1E7A4F7556}") = "_01_Store_Project_Query", "_01_Store_Progect_Query\_01_Store_Project_Query.csproj", "{208BE06D-555E-43BC-8FAE-357245C6CE95}"
EndProject
Project("{2150E333-8FDC-42A3-9474-1A3956D46DE8}") = "DiscountManagement", "DiscountManagement", "{8E9B564D-15C8-464D-84AD-017A778B6DC7}"
EndProject
Project("{2150E333-8FDC-42A3-9474-1A3956D46DE8}") = "DM.Domain", "DM.Domain", "{297CA309-FFE0-4FF8-A148-568949BC4DA2}"
EndProject
Project("{FAE04EC0-301F-11D3-BF4B-00C04F79EFBC}") = "DiscountManagement.Domain", "DiscountManagement.Domain\DiscountManagement.Domain.csproj", "{4B1ECDFB-4D34-4D23-99BE-87DD2982D94F}"
EndProject
Project("{2150E333-8FDC-42A3-9474-1A3956D46DE8}") = "DM.Application", "DM.Application", "{B8A47321-C741-4D6D-9BA7-C465E5728195}"
EndProject
Project("{FAE04EC0-301F-11D3-BF4B-00C04F79EFBC}") = "DiscountManagement.Application.contract", "CustomerDiscount.Application.contract\DiscountManagement.Application.contract.csproj", "{B06CF986-B286-4D52-AA2C-E1E4AB86D72A}"
EndProject
Project("{FAE04EC0-301F-11D3-BF4B-00C04F79EFBC}") = "DiscountManagement.Application", "DiscountManagement.Application\DiscountManagement.Application.csproj", "{1F72820E-D4CE-45CC-B698-117519A115F1}"
EndProject
Project("{2150E333-8FDC-42A3-9474-1A3956D46DE8}") = "DM.Infrastructure", "DM.Infrastructure", "{DB50E6A7-0094-4279-996A-2C21BA352545}"
EndProject
Project("{FAE04EC0-301F-11D3-BF4B-00C04F79EFBC}") = "DiscountManagement.Infrastructure.EFCore", "DiscountManagement.Infrastructure.EFCore\DiscountManagement.Infrastructure.EFCore.csproj", "{34EB389B-5D1F-4352-BB3D-AFB75C1CC279}"
EndProject
Project("{FAE04EC0-301F-11D3-BF4B-00C04F79EFBC}") = "DiscountManagement.Configuration", "DiscountManagement.Configuration\DiscountManagement.Configuration.csproj", "{049D15FB-FF78-4694-8DEE-07FB7CAEB550}"
EndProject
Global
	GlobalSection(SolutionConfigurationPlatforms) = preSolution
		Debug|Any CPU = Debug|Any CPU
		Release|Any CPU = Release|Any CPU
	EndGlobalSection
	GlobalSection(ProjectConfigurationPlatforms) = postSolution
		{DCD042F7-20AE-4E7C-84C0-E7D459C8D5CE}.Debug|Any CPU.ActiveCfg = Debug|Any CPU
		{DCD042F7-20AE-4E7C-84C0-E7D459C8D5CE}.Debug|Any CPU.Build.0 = Debug|Any CPU
		{DCD042F7-20AE-4E7C-84C0-E7D459C8D5CE}.Release|Any CPU.ActiveCfg = Release|Any CPU
		{DCD042F7-20AE-4E7C-84C0-E7D459C8D5CE}.Release|Any CPU.Build.0 = Release|Any CPU
		{F43DDB11-3C80-4804-BB0C-5FB42639E621}.Debug|Any CPU.ActiveCfg = Debug|Any CPU
		{F43DDB11-3C80-4804-BB0C-5FB42639E621}.Debug|Any CPU.Build.0 = Debug|Any CPU
		{F43DDB11-3C80-4804-BB0C-5FB42639E621}.Release|Any CPU.ActiveCfg = Release|Any CPU
		{F43DDB11-3C80-4804-BB0C-5FB42639E621}.Release|Any CPU.Build.0 = Release|Any CPU
		{EBFCDE29-EA3C-49CD-9066-D40CA76E0D5D}.Debug|Any CPU.ActiveCfg = Debug|Any CPU
		{EBFCDE29-EA3C-49CD-9066-D40CA76E0D5D}.Debug|Any CPU.Build.0 = Debug|Any CPU
		{EBFCDE29-EA3C-49CD-9066-D40CA76E0D5D}.Release|Any CPU.ActiveCfg = Release|Any CPU
		{EBFCDE29-EA3C-49CD-9066-D40CA76E0D5D}.Release|Any CPU.Build.0 = Release|Any CPU
		{4B3A0ED2-E7C6-469D-BC94-F3E600B8DC89}.Debug|Any CPU.ActiveCfg = Debug|Any CPU
		{4B3A0ED2-E7C6-469D-BC94-F3E600B8DC89}.Debug|Any CPU.Build.0 = Debug|Any CPU
		{4B3A0ED2-E7C6-469D-BC94-F3E600B8DC89}.Release|Any CPU.ActiveCfg = Release|Any CPU
		{4B3A0ED2-E7C6-469D-BC94-F3E600B8DC89}.Release|Any CPU.Build.0 = Release|Any CPU
		{D3043D9A-046B-4370-80A5-31A59CFE819A}.Debug|Any CPU.ActiveCfg = Debug|Any CPU
		{D3043D9A-046B-4370-80A5-31A59CFE819A}.Debug|Any CPU.Build.0 = Debug|Any CPU
		{D3043D9A-046B-4370-80A5-31A59CFE819A}.Release|Any CPU.ActiveCfg = Release|Any CPU
		{D3043D9A-046B-4370-80A5-31A59CFE819A}.Release|Any CPU.Build.0 = Release|Any CPU
		{6E6DBE65-8FE5-4134-9769-BB7D4C6402CB}.Debug|Any CPU.ActiveCfg = Debug|Any CPU
		{6E6DBE65-8FE5-4134-9769-BB7D4C6402CB}.Debug|Any CPU.Build.0 = Debug|Any CPU
		{6E6DBE65-8FE5-4134-9769-BB7D4C6402CB}.Release|Any CPU.ActiveCfg = Release|Any CPU
		{6E6DBE65-8FE5-4134-9769-BB7D4C6402CB}.Release|Any CPU.Build.0 = Release|Any CPU
		{56D4055D-BA74-4AC5-A21C-0B16E536D32A}.Debug|Any CPU.ActiveCfg = Debug|Any CPU
		{56D4055D-BA74-4AC5-A21C-0B16E536D32A}.Debug|Any CPU.Build.0 = Debug|Any CPU
		{56D4055D-BA74-4AC5-A21C-0B16E536D32A}.Release|Any CPU.ActiveCfg = Release|Any CPU
		{56D4055D-BA74-4AC5-A21C-0B16E536D32A}.Release|Any CPU.Build.0 = Release|Any CPU
		{208BE06D-555E-43BC-8FAE-357245C6CE95}.Debug|Any CPU.ActiveCfg = Debug|Any CPU
		{208BE06D-555E-43BC-8FAE-357245C6CE95}.Debug|Any CPU.Build.0 = Debug|Any CPU
		{208BE06D-555E-43BC-8FAE-357245C6CE95}.Release|Any CPU.ActiveCfg = Release|Any CPU
		{208BE06D-555E-43BC-8FAE-357245C6CE95}.Release|Any CPU.Build.0 = Release|Any CPU
		{4B1ECDFB-4D34-4D23-99BE-87DD2982D94F}.Debug|Any CPU.ActiveCfg = Debug|Any CPU
		{4B1ECDFB-4D34-4D23-99BE-87DD2982D94F}.Debug|Any CPU.Build.0 = Debug|Any CPU
		{4B1ECDFB-4D34-4D23-99BE-87DD2982D94F}.Release|Any CPU.ActiveCfg = Release|Any CPU
		{4B1ECDFB-4D34-4D23-99BE-87DD2982D94F}.Release|Any CPU.Build.0 = Release|Any CPU
		{B06CF986-B286-4D52-AA2C-E1E4AB86D72A}.Debug|Any CPU.ActiveCfg = Debug|Any CPU
		{B06CF986-B286-4D52-AA2C-E1E4AB86D72A}.Debug|Any CPU.Build.0 = Debug|Any CPU
		{B06CF986-B286-4D52-AA2C-E1E4AB86D72A}.Release|Any CPU.ActiveCfg = Release|Any CPU
		{B06CF986-B286-4D52-AA2C-E1E4AB86D72A}.Release|Any CPU.Build.0 = Release|Any CPU
		{1F72820E-D4CE-45CC-B698-117519A115F1}.Debug|Any CPU.ActiveCfg = Debug|Any CPU
		{1F72820E-D4CE-45CC-B698-117519A115F1}.Debug|Any CPU.Build.0 = Debug|Any CPU
		{1F72820E-D4CE-45CC-B698-117519A115F1}.Release|Any CPU.ActiveCfg = Release|Any CPU
		{1F72820E-D4CE-45CC-B698-117519A115F1}.Release|Any CPU.Build.0 = Release|Any CPU
		{34EB389B-5D1F-4352-BB3D-AFB75C1CC279}.Debug|Any CPU.ActiveCfg = Debug|Any CPU
		{34EB389B-5D1F-4352-BB3D-AFB75C1CC279}.Debug|Any CPU.Build.0 = Debug|Any CPU
		{34EB389B-5D1F-4352-BB3D-AFB75C1CC279}.Release|Any CPU.ActiveCfg = Release|Any CPU
		{34EB389B-5D1F-4352-BB3D-AFB75C1CC279}.Release|Any CPU.Build.0 = Release|Any CPU
		{049D15FB-FF78-4694-8DEE-07FB7CAEB550}.Debug|Any CPU.ActiveCfg = Debug|Any CPU
		{049D15FB-FF78-4694-8DEE-07FB7CAEB550}.Debug|Any CPU.Build.0 = Debug|Any CPU
		{049D15FB-FF78-4694-8DEE-07FB7CAEB550}.Release|Any CPU.ActiveCfg = Release|Any CPU
		{049D15FB-FF78-4694-8DEE-07FB7CAEB550}.Release|Any CPU.Build.0 = Release|Any CPU
	EndGlobalSection
	GlobalSection(SolutionProperties) = preSolution
		HideSolutionNode = FALSE
	EndGlobalSection
	GlobalSection(NestedProjects) = preSolution
		{8351B04D-CDE1-4373-AEC8-DACB550F658C} = {F1CFFC41-9AD4-4D0A-A957-3D20227D762B}
		{DCD042F7-20AE-4E7C-84C0-E7D459C8D5CE} = {8351B04D-CDE1-4373-AEC8-DACB550F658C}
		{B1DAEAB8-A30A-46BB-9EAD-2C43F2111434} = {F1CFFC41-9AD4-4D0A-A957-3D20227D762B}
		{EBFCDE29-EA3C-49CD-9066-D40CA76E0D5D} = {B1DAEAB8-A30A-46BB-9EAD-2C43F2111434}
		{4B3A0ED2-E7C6-469D-BC94-F3E600B8DC89} = {B1DAEAB8-A30A-46BB-9EAD-2C43F2111434}
		{FA90388E-E237-4553-80E5-7EB164056263} = {F1CFFC41-9AD4-4D0A-A957-3D20227D762B}
		{D3043D9A-046B-4370-80A5-31A59CFE819A} = {FA90388E-E237-4553-80E5-7EB164056263}
		{6E6DBE65-8FE5-4134-9769-BB7D4C6402CB} = {FA90388E-E237-4553-80E5-7EB164056263}
		{297CA309-FFE0-4FF8-A148-568949BC4DA2} = {8E9B564D-15C8-464D-84AD-017A778B6DC7}
		{4B1ECDFB-4D34-4D23-99BE-87DD2982D94F} = {297CA309-FFE0-4FF8-A148-568949BC4DA2}
		{B8A47321-C741-4D6D-9BA7-C465E5728195} = {8E9B564D-15C8-464D-84AD-017A778B6DC7}
		{B06CF986-B286-4D52-AA2C-E1E4AB86D72A} = {B8A47321-C741-4D6D-9BA7-C465E5728195}
		{1F72820E-D4CE-45CC-B698-117519A115F1} = {B8A47321-C741-4D6D-9BA7-C465E5728195}
		{DB50E6A7-0094-4279-996A-2C21BA352545} = {8E9B564D-15C8-464D-84AD-017A778B6DC7}
		{34EB389B-5D1F-4352-BB3D-AFB75C1CC279} = {DB50E6A7-0094-4279-996A-2C21BA352545}
		{049D15FB-FF78-4694-8DEE-07FB7CAEB550} = {DB50E6A7-0094-4279-996A-2C21BA352545}
	EndGlobalSection
	GlobalSection(ExtensibilityGlobals) = postSolution
		SolutionGuid = {E50AA712-F3EC-4F46-A070-F91BDCB46AB6}
	EndGlobalSection
EndGlobal
